
Microsoft Visual Studio Solution File, Format Version 12.00
# Visual Studio Version 17
VisualStudioVersion = 17.8.34330.188
MinimumVisualStudioVersion = 10.0.40219.1
Project("{FAE04EC0-301F-11D3-BF4B-00C04F79EFBC}") = "Enums", "Enums\Enums.csproj", "{163415BD-CAE7-435B-8A56-AB495613909A}"
EndProject
Global
	GlobalSection(SolutionConfigurationPlatforms) = preSolution
		Debug|Any CPU = Debug|Any CPU
		Release|Any CPU = Release|Any CPU
	EndGlobalSection
	GlobalSection(ProjectConfigurationPlatforms) = postSolution
		{163415BD-CAE7-435B-8A56-AB495613909A}.Debug|Any CPU.ActiveCfg = Debug|Any CPU
		{163415BD-CAE7-435B-8A56-AB495613909A}.Debug|Any CPU.Build.0 = Debug|Any CPU
		{163415BD-CAE7-435B-8A56-AB495613909A}.Release|Any CPU.ActiveCfg = Release|Any CPU
		{163415BD-CAE7-435B-8A56-AB495613909A}.Release|Any CPU.Build.0 = Release|Any CPU
	EndGlobalSection
	GlobalSection(SolutionProperties) = preSolution
		HideSolutionNode = FALSE
	EndGlobalSection
	GlobalSection(ExtensibilityGlobals) = postSolution
		SolutionGuid = {16B88207-3CED-4A4E-9F7B-FF096C946BAE}
	EndGlobalSection
EndGlobal
