
Microsoft Visual Studio Solution File, Format Version 12.00
# Visual Studio Version 17
VisualStudioVersion = 17.8.34330.188
MinimumVisualStudioVersion = 10.0.40219.1
Project("{FAE04EC0-301F-11D3-BF4B-00C04F79EFBC}") = "ConsoleApp-Exceptions", "ConsoleApp-Exceptions\ConsoleApp-Exceptions.csproj", "{C4D2B19B-4C2C-4504-99CF-283B09179A44}"
EndProject
Global
	GlobalSection(SolutionConfigurationPlatforms) = preSolution
		Debug|Any CPU = Debug|Any CPU
		Release|Any CPU = Release|Any CPU
	EndGlobalSection
	GlobalSection(ProjectConfigurationPlatforms) = postSolution
		{C4D2B19B-4C2C-4504-99CF-283B09179A44}.Debug|Any CPU.ActiveCfg = Debug|Any CPU
		{C4D2B19B-4C2C-4504-99CF-283B09179A44}.Debug|Any CPU.Build.0 = Debug|Any CPU
		{C4D2B19B-4C2C-4504-99CF-283B09179A44}.Release|Any CPU.ActiveCfg = Release|Any CPU
		{C4D2B19B-4C2C-4504-99CF-283B09179A44}.Release|Any CPU.Build.0 = Release|Any CPU
	EndGlobalSection
	GlobalSection(SolutionProperties) = preSolution
		HideSolutionNode = FALSE
	EndGlobalSection
	GlobalSection(ExtensibilityGlobals) = postSolution
		SolutionGuid = {D2ED70F8-9832-4EFA-8CC4-B415D81D4B88}
	EndGlobalSection
EndGlobal
