
Microsoft Visual Studio Solution File, Format Version 12.00
# Visual Studio Version 17
VisualStudioVersion = 17.8.34330.188
MinimumVisualStudioVersion = 10.0.40219.1
Project("{FAE04EC0-301F-11D3-BF4B-00C04F79EFBC}") = "ConsoleApp-Documentation", "ConsoleApp-Documentation\ConsoleApp-Documentation.csproj", "{4D28CD8F-E64D-40C2-B88E-7D6560D4092C}"
EndProject
Global
	GlobalSection(SolutionConfigurationPlatforms) = preSolution
		Debug|Any CPU = Debug|Any CPU
		Release|Any CPU = Release|Any CPU
	EndGlobalSection
	GlobalSection(ProjectConfigurationPlatforms) = postSolution
		{4D28CD8F-E64D-40C2-B88E-7D6560D4092C}.Debug|Any CPU.ActiveCfg = Debug|Any CPU
		{4D28CD8F-E64D-40C2-B88E-7D6560D4092C}.Debug|Any CPU.Build.0 = Debug|Any CPU
		{4D28CD8F-E64D-40C2-B88E-7D6560D4092C}.Release|Any CPU.ActiveCfg = Release|Any CPU
		{4D28CD8F-E64D-40C2-B88E-7D6560D4092C}.Release|Any CPU.Build.0 = Release|Any CPU
	EndGlobalSection
	GlobalSection(SolutionProperties) = preSolution
		HideSolutionNode = FALSE
	EndGlobalSection
	GlobalSection(ExtensibilityGlobals) = postSolution
		SolutionGuid = {A1AA2AEB-7351-4419-A117-37A96B5F5495}
	EndGlobalSection
EndGlobal
