
Microsoft Visual Studio Solution File, Format Version 12.00
# Visual Studio Version 17
VisualStudioVersion = 17.8.34525.116
MinimumVisualStudioVersion = 10.0.40219.1
Project("{FAE04EC0-301F-11D3-BF4B-00C04F79EFBC}") = "ConsoleApp-foreach-yield", "ConsoleApp-foreach-yield\ConsoleApp-foreach-yield.csproj", "{35A60B3D-EB9C-4F56-9CB5-AE3601EE7083}"
EndProject
Global
	GlobalSection(SolutionConfigurationPlatforms) = preSolution
		Debug|Any CPU = Debug|Any CPU
		Release|Any CPU = Release|Any CPU
	EndGlobalSection
	GlobalSection(ProjectConfigurationPlatforms) = postSolution
		{35A60B3D-EB9C-4F56-9CB5-AE3601EE7083}.Debug|Any CPU.ActiveCfg = Debug|Any CPU
		{35A60B3D-EB9C-4F56-9CB5-AE3601EE7083}.Debug|Any CPU.Build.0 = Debug|Any CPU
		{35A60B3D-EB9C-4F56-9CB5-AE3601EE7083}.Release|Any CPU.ActiveCfg = Release|Any CPU
		{35A60B3D-EB9C-4F56-9CB5-AE3601EE7083}.Release|Any CPU.Build.0 = Release|Any CPU
	EndGlobalSection
	GlobalSection(SolutionProperties) = preSolution
		HideSolutionNode = FALSE
	EndGlobalSection
	GlobalSection(ExtensibilityGlobals) = postSolution
		SolutionGuid = {32489003-A02B-44D8-A2D4-DC47BFA32A98}
	EndGlobalSection
EndGlobal
