
Microsoft Visual Studio Solution File, Format Version 12.00
# Visual Studio Version 17
VisualStudioVersion = 17.8.34525.116
MinimumVisualStudioVersion = 10.0.40219.1
Project("{FAE04EC0-301F-11D3-BF4B-00C04F79EFBC}") = "ConsoleApp-Threading", "ConsoleApp-Threading\ConsoleApp-Threading.csproj", "{F2D78213-3DF2-4880-AD84-8FA3E2948992}"
EndProject
Global
	GlobalSection(SolutionConfigurationPlatforms) = preSolution
		Debug|Any CPU = Debug|Any CPU
		Release|Any CPU = Release|Any CPU
	EndGlobalSection
	GlobalSection(ProjectConfigurationPlatforms) = postSolution
		{F2D78213-3DF2-4880-AD84-8FA3E2948992}.Debug|Any CPU.ActiveCfg = Debug|Any CPU
		{F2D78213-3DF2-4880-AD84-8FA3E2948992}.Debug|Any CPU.Build.0 = Debug|Any CPU
		{F2D78213-3DF2-4880-AD84-8FA3E2948992}.Release|Any CPU.ActiveCfg = Release|Any CPU
		{F2D78213-3DF2-4880-AD84-8FA3E2948992}.Release|Any CPU.Build.0 = Release|Any CPU
	EndGlobalSection
	GlobalSection(SolutionProperties) = preSolution
		HideSolutionNode = FALSE
	EndGlobalSection
	GlobalSection(ExtensibilityGlobals) = postSolution
		SolutionGuid = {6B7F41A7-E313-4B2A-9BF5-93CE66459391}
	EndGlobalSection
EndGlobal
