
Microsoft Visual Studio Solution File, Format Version 12.00
# Visual Studio Version 17
VisualStudioVersion = 17.8.34525.116
MinimumVisualStudioVersion = 10.0.40219.1
Project("{9A19103F-16F7-4668-BE54-9A1E7A4F7556}") = "ConsoleApp-Dapper-Insertion", "ConsoleApp-Dapper-Insertion\ConsoleApp-Dapper-Insertion.csproj", "{175D5EDD-4035-413B-915E-F9A86CAD957F}"
EndProject
Project("{9A19103F-16F7-4668-BE54-9A1E7A4F7556}") = "ConsoleApp-Dapper-Delete", "ConsoleApp-Dapper-Delete\ConsoleApp-Dapper-Delete.csproj", "{7B89C9AF-D218-41DF-8156-76F42FB5846D}"
EndProject
Project("{9A19103F-16F7-4668-BE54-9A1E7A4F7556}") = "ConsoleApp-Dapper-Transactions", "ConsoleApp-Dapper-Transactions\ConsoleApp-Dapper-Transactions.csproj", "{3E996772-229F-4AA1-9CB2-93FAE6DA301B}"
EndProject
Project("{9A19103F-16F7-4668-BE54-9A1E7A4F7556}") = "ConsoleApp-Dapper-Update", "ConsoleApp-Dapper-Update\ConsoleApp-Dapper-Update.csproj", "{0BDFC1A8-3114-4E9C-B8DA-6262B33DC41D}"
EndProject
Project("{9A19103F-16F7-4668-BE54-9A1E7A4F7556}") = "ConsoleApp-Dapper-Read", "ConsoleApp-Dapper-Read\ConsoleApp-Dapper-Read.csproj", "{87E0B411-AD4A-4563-BDB9-28E786F7BD86}"
EndProject
Global
	GlobalSection(SolutionConfigurationPlatforms) = preSolution
		Debug|Any CPU = Debug|Any CPU
		Release|Any CPU = Release|Any CPU
	EndGlobalSection
	GlobalSection(ProjectConfigurationPlatforms) = postSolution
		{175D5EDD-4035-413B-915E-F9A86CAD957F}.Debug|Any CPU.ActiveCfg = Debug|Any CPU
		{175D5EDD-4035-413B-915E-F9A86CAD957F}.Debug|Any CPU.Build.0 = Debug|Any CPU
		{175D5EDD-4035-413B-915E-F9A86CAD957F}.Release|Any CPU.ActiveCfg = Release|Any CPU
		{175D5EDD-4035-413B-915E-F9A86CAD957F}.Release|Any CPU.Build.0 = Release|Any CPU
		{7B89C9AF-D218-41DF-8156-76F42FB5846D}.Debug|Any CPU.ActiveCfg = Debug|Any CPU
		{7B89C9AF-D218-41DF-8156-76F42FB5846D}.Debug|Any CPU.Build.0 = Debug|Any CPU
		{7B89C9AF-D218-41DF-8156-76F42FB5846D}.Release|Any CPU.ActiveCfg = Release|Any CPU
		{7B89C9AF-D218-41DF-8156-76F42FB5846D}.Release|Any CPU.Build.0 = Release|Any CPU
		{3E996772-229F-4AA1-9CB2-93FAE6DA301B}.Debug|Any CPU.ActiveCfg = Debug|Any CPU
		{3E996772-229F-4AA1-9CB2-93FAE6DA301B}.Debug|Any CPU.Build.0 = Debug|Any CPU
		{3E996772-229F-4AA1-9CB2-93FAE6DA301B}.Release|Any CPU.ActiveCfg = Release|Any CPU
		{3E996772-229F-4AA1-9CB2-93FAE6DA301B}.Release|Any CPU.Build.0 = Release|Any CPU
		{0BDFC1A8-3114-4E9C-B8DA-6262B33DC41D}.Debug|Any CPU.ActiveCfg = Debug|Any CPU
		{0BDFC1A8-3114-4E9C-B8DA-6262B33DC41D}.Debug|Any CPU.Build.0 = Debug|Any CPU
		{0BDFC1A8-3114-4E9C-B8DA-6262B33DC41D}.Release|Any CPU.ActiveCfg = Release|Any CPU
		{0BDFC1A8-3114-4E9C-B8DA-6262B33DC41D}.Release|Any CPU.Build.0 = Release|Any CPU
		{87E0B411-AD4A-4563-BDB9-28E786F7BD86}.Debug|Any CPU.ActiveCfg = Debug|Any CPU
		{87E0B411-AD4A-4563-BDB9-28E786F7BD86}.Debug|Any CPU.Build.0 = Debug|Any CPU
		{87E0B411-AD4A-4563-BDB9-28E786F7BD86}.Release|Any CPU.ActiveCfg = Release|Any CPU
		{87E0B411-AD4A-4563-BDB9-28E786F7BD86}.Release|Any CPU.Build.0 = Release|Any CPU
	EndGlobalSection
	GlobalSection(SolutionProperties) = preSolution
		HideSolutionNode = FALSE
	EndGlobalSection
	GlobalSection(ExtensibilityGlobals) = postSolution
		SolutionGuid = {D6B2C81A-EC77-4A53-AAC6-BC7D715C285A}
	EndGlobalSection
EndGlobal
