
Microsoft Visual Studio Solution File, Format Version 12.00
# Visual Studio Version 17
VisualStudioVersion = 17.8.34525.116
MinimumVisualStudioVersion = 10.0.40219.1
Project("{9A19103F-16F7-4668-BE54-9A1E7A4F7556}") = "ConsoleApp-Collections", "ConsoleApp-Collections\ConsoleApp-Collections.csproj", "{674447A2-2D88-4BEA-99FD-5E041C4A8178}"
EndProject
Project("{9A19103F-16F7-4668-BE54-9A1E7A4F7556}") = "ConsoleApp-StackAndQueue", "ConsoleApp-StackAndQueue\ConsoleApp-StackAndQueue.csproj", "{8FC69C78-AB12-4740-A8C7-AA202B187480}"
EndProject
Project("{FAE04EC0-301F-11D3-BF4B-00C04F79EFBC}") = "ConsoleApp-LinkedList", "ConsoleApp-LinkedList\ConsoleApp-LinkedList.csproj", "{6A57713C-1BD7-4B49-A906-4810F2D1EF95}"
EndProject
Project("{FAE04EC0-301F-11D3-BF4B-00C04F79EFBC}") = "ConsoleApp-Sets", "ConsoleApp-Sets\ConsoleApp-Sets.csproj", "{B64801BF-BAF0-4559-9225-51343D76A71E}"
EndProject
Global
	GlobalSection(SolutionConfigurationPlatforms) = preSolution
		Debug|Any CPU = Debug|Any CPU
		Release|Any CPU = Release|Any CPU
	EndGlobalSection
	GlobalSection(ProjectConfigurationPlatforms) = postSolution
		{674447A2-2D88-4BEA-99FD-5E041C4A8178}.Debug|Any CPU.ActiveCfg = Debug|Any CPU
		{674447A2-2D88-4BEA-99FD-5E041C4A8178}.Debug|Any CPU.Build.0 = Debug|Any CPU
		{674447A2-2D88-4BEA-99FD-5E041C4A8178}.Release|Any CPU.ActiveCfg = Release|Any CPU
		{674447A2-2D88-4BEA-99FD-5E041C4A8178}.Release|Any CPU.Build.0 = Release|Any CPU
		{8FC69C78-AB12-4740-A8C7-AA202B187480}.Debug|Any CPU.ActiveCfg = Debug|Any CPU
		{8FC69C78-AB12-4740-A8C7-AA202B187480}.Debug|Any CPU.Build.0 = Debug|Any CPU
		{8FC69C78-AB12-4740-A8C7-AA202B187480}.Release|Any CPU.ActiveCfg = Release|Any CPU
		{8FC69C78-AB12-4740-A8C7-AA202B187480}.Release|Any CPU.Build.0 = Release|Any CPU
		{6A57713C-1BD7-4B49-A906-4810F2D1EF95}.Debug|Any CPU.ActiveCfg = Debug|Any CPU
		{6A57713C-1BD7-4B49-A906-4810F2D1EF95}.Debug|Any CPU.Build.0 = Debug|Any CPU
		{6A57713C-1BD7-4B49-A906-4810F2D1EF95}.Release|Any CPU.ActiveCfg = Release|Any CPU
		{6A57713C-1BD7-4B49-A906-4810F2D1EF95}.Release|Any CPU.Build.0 = Release|Any CPU
		{B64801BF-BAF0-4559-9225-51343D76A71E}.Debug|Any CPU.ActiveCfg = Debug|Any CPU
		{B64801BF-BAF0-4559-9225-51343D76A71E}.Debug|Any CPU.Build.0 = Debug|Any CPU
		{B64801BF-BAF0-4559-9225-51343D76A71E}.Release|Any CPU.ActiveCfg = Release|Any CPU
		{B64801BF-BAF0-4559-9225-51343D76A71E}.Release|Any CPU.Build.0 = Release|Any CPU
	EndGlobalSection
	GlobalSection(SolutionProperties) = preSolution
		HideSolutionNode = FALSE
	EndGlobalSection
	GlobalSection(ExtensibilityGlobals) = postSolution
		SolutionGuid = {B94AE242-31AD-46F2-A20A-F58F5A80BEC1}
	EndGlobalSection
EndGlobal
