
Microsoft Visual Studio Solution File, Format Version 12.00
# Visual Studio Version 17
VisualStudioVersion = 17.8.34330.188
MinimumVisualStudioVersion = 10.0.40219.1
Project("{9A19103F-16F7-4668-BE54-9A1E7A4F7556}") = "ConsoleApp-Arrays", "ConsoleApp-Arrays\ConsoleApp-Arrays.csproj", "{69E968F3-5137-4F3A-959E-1C3E08128BFE}"
EndProject
Global
	GlobalSection(SolutionConfigurationPlatforms) = preSolution
		Debug|Any CPU = Debug|Any CPU
		Release|Any CPU = Release|Any CPU
	EndGlobalSection
	GlobalSection(ProjectConfigurationPlatforms) = postSolution
		{69E968F3-5137-4F3A-959E-1C3E08128BFE}.Debug|Any CPU.ActiveCfg = Debug|Any CPU
		{69E968F3-5137-4F3A-959E-1C3E08128BFE}.Debug|Any CPU.Build.0 = Debug|Any CPU
		{69E968F3-5137-4F3A-959E-1C3E08128BFE}.Release|Any CPU.ActiveCfg = Release|Any CPU
		{69E968F3-5137-4F3A-959E-1C3E08128BFE}.Release|Any CPU.Build.0 = Release|Any CPU
	EndGlobalSection
	GlobalSection(SolutionProperties) = preSolution
		HideSolutionNode = FALSE
	EndGlobalSection
	GlobalSection(ExtensibilityGlobals) = postSolution
		SolutionGuid = {D5DEB863-8236-4FA1-AF03-4E84BD972500}
	EndGlobalSection
EndGlobal
